// !$*UTF8*$!
{
	archiveVersion = 1;
	classes = {
	};
	objectVersion = 56;
	objects = {

/* Begin PBXBuildFile section */
		009EC2202BBC221A004D4793 /* main.cpp in Sources */ = {isa = PBXBuildFile; fileRef = 009EC21F2BBC221A004D4793 /* main.cpp */; };
/* End PBXBuildFile section */

/* Begin PBXCopyFilesBuildPhase section */
		009EC21A2BBC221A004D4793 /* CopyFiles */ = {
			isa = PBXCopyFilesBuildPhase;
			buildActionMask = 2147483647;
			dstPath = /usr/share/man/man1/;
			dstSubfolderSpec = 0;
			files = (
			);
			runOnlyForDeploymentPostprocessing = 1;
		};
/* End PBXCopyFilesBuildPhase section */

/* Begin PBXFileReference section */
		00438F362BBD49F800CED09A /* InsertSort.h */ = {isa = PBXFileReference; lastKnownFileType = sourcecode.c.h; path = InsertSort.h; sourceTree = "<group>"; };
		00438F382BBD4B2000CED09A /* Print.h */ = {isa = PBXFileReference; lastKnownFileType = sourcecode.c.h; path = Print.h; sourceTree = "<group>"; };
		00438F392BBD4CD900CED09A /* Tool.h */ = {isa = PBXFileReference; lastKnownFileType = sourcecode.c.h; path = Tool.h; sourceTree = "<group>"; };
		00438F3C2BBD54BA00CED09A /* ExchangeSort.h */ = {isa = PBXFileReference; lastKnownFileType = sourcecode.c.h; path = ExchangeSort.h; sourceTree = "<group>"; };
		00438F422BBEE7DC00CED09A /* TextDemo.h */ = {isa = PBXFileReference; lastKnownFileType = sourcecode.c.h; path = TextDemo.h; sourceTree = "<group>"; };
		00438F442BBEEC8300CED09A /* SelectSort.h */ = {isa = PBXFileReference; lastKnownFileType = sourcecode.c.h; path = SelectSort.h; sourceTree = "<group>"; };
		00963FE52BBFD115002EF3B6 /* MergeSort.h */ = {isa = PBXFileReference; lastKnownFileType = sourcecode.c.h; path = MergeSort.h; sourceTree = "<group>"; };
		009EC21C2BBC221A004D4793 /* Algorithm_for_cpp */ = {isa = PBXFileReference; explicitFileType = "compiled.mach-o.executable"; includeInIndex = 0; path = Algorithm_for_cpp; sourceTree = BUILT_PRODUCTS_DIR; };
		009EC21F2BBC221A004D4793 /* main.cpp */ = {isa = PBXFileReference; lastKnownFileType = sourcecode.cpp.cpp; path = main.cpp; sourceTree = "<group>"; };
/* End PBXFileReference section */

/* Begin PBXFrameworksBuildPhase section */
		009EC2192BBC221A004D4793 /* Frameworks */ = {
			isa = PBXFrameworksBuildPhase;
			buildActionMask = 2147483647;
			files = (
			);
			runOnlyForDeploymentPostprocessing = 0;
		};
/* End PBXFrameworksBuildPhase section */

/* Begin PBXGroup section */
		009EC2132BBC221A004D4793 = {
			isa = PBXGroup;
			children = (
				009EC21E2BBC221A004D4793 /* Algorithm_for_cpp */,
				009EC21D2BBC221A004D4793 /* Products */,
			);
			sourceTree = "<group>";
		};
		009EC21D2BBC221A004D4793 /* Products */ = {
			isa = PBXGroup;
			children = (
				009EC21C2BBC221A004D4793 /* Algorithm_for_cpp */,
			);
			name = Products;
			sourceTree = "<group>";
		};
		009EC21E2BBC221A004D4793 /* Algorithm_for_cpp */ = {
			isa = PBXGroup;
			children = (
				009EC21F2BBC221A004D4793 /* main.cpp */,
				00438F362BBD49F800CED09A /* InsertSort.h */,
				00438F382BBD4B2000CED09A /* Print.h */,
				00438F392BBD4CD900CED09A /* Tool.h */,
				00438F3C2BBD54BA00CED09A /* ExchangeSort.h */,
				00438F422BBEE7DC00CED09A /* TextDemo.h */,
				00438F442BBEEC8300CED09A /* SelectSort.h */,
				00963FE52BBFD115002EF3B6 /* MergeSort.h */,
			);
			path = Algorithm_for_cpp;
			sourceTree = "<group>";
		};
/* End PBXGroup section */

/* Begin PBXNativeTarget section */
		009EC21B2BBC221A004D4793 /* Algorithm_for_cpp */ = {
			isa = PBXNativeTarget;
			buildConfigurationList = 009EC2232BBC221A004D4793 /* Build configuration list for PBXNativeTarget "Algorithm_for_cpp" */;
			buildPhases = (
				009EC2182BBC221A004D4793 /* Sources */,
				009EC2192BBC221A004D4793 /* Frameworks */,
				009EC21A2BBC221A004D4793 /* CopyFiles */,
			);
			buildRules = (
			);
			dependencies = (
			);
			name = Algorithm_for_cpp;
			productName = Algorithm_for_cpp;
			productReference = 009EC21C2BBC221A004D4793 /* Algorithm_for_cpp */;
			productType = "com.apple.product-type.tool";
		};
/* End PBXNativeTarget section */

/* Begin PBXProject section */
		009EC2142BBC221A004D4793 /* Project object */ = {
			isa = PBXProject;
			attributes = {
				BuildIndependentTargetsInParallel = 1;
				LastUpgradeCheck = 1530;
				TargetAttributes = {
					009EC21B2BBC221A004D4793 = {
						CreatedOnToolsVersion = 15.3;
					};
				};
			};
			buildConfigurationList = 009EC2172BBC221A004D4793 /* Build configuration list for PBXProject "Algorithm_for_cpp" */;
			compatibilityVersion = "Xcode 14.0";
			developmentRegion = en;
			hasScannedForEncodings = 0;
			knownRegions = (
				en,
				Base,
			);
			mainGroup = 009EC2132BBC221A004D4793;
			productRefGroup = 009EC21D2BBC221A004D4793 /* Products */;
			projectDirPath = "";
			projectRoot = "";
			targets = (
				009EC21B2BBC221A004D4793 /* Algorithm_for_cpp */,
			);
		};
/* End PBXProject section */

/* Begin PBXSourcesBuildPhase section */
		009EC2182BBC221A004D4793 /* Sources */ = {
			isa = PBXSourcesBuildPhase;
			buildActionMask = 2147483647;
			files = (
				009EC2202BBC221A004D4793 /* main.cpp in Sources */,
			);
			runOnlyForDeploymentPostprocessing = 0;
		};
/* End PBXSourcesBuildPhase section */

/* Begin XCBuildConfiguration section */
		009EC2212BBC221A004D4793 /* Debug */ = {
			isa = XCBuildConfiguration;
			buildSettings = {
				ALWAYS_SEARCH_USER_PATHS = NO;
				ASSETCATALOG_COMPILER_GENERATE_SWIFT_ASSET_SYMBOL_EXTENSIONS = YES;
				CLANG_ANALYZER_NONNULL = YES;
				CLANG_ANALYZER_NUMBER_OBJECT_CONVERSION = YES_AGGRESSIVE;
				CLANG_CXX_LANGUAGE_STANDARD = "gnu++20";
				CLANG_ENABLE_MODULES = YES;
				CLANG_ENABLE_OBJC_ARC = YES;
				CLANG_ENABLE_OBJC_WEAK = YES;
				CLANG_WARN_BLOCK_CAPTURE_AUTORELEASING = YES;
				CLANG_WARN_BOOL_CONVERSION = YES;
				CLANG_WARN_COMMA = YES;
				CLANG_WARN_CONSTANT_CONVERSION = YES;
				CLANG_WARN_DEPRECATED_OBJC_IMPLEMENTATIONS = YES;
				CLANG_WARN_DIRECT_OBJC_ISA_USAGE = YES_ERROR;
				CLANG_WARN_DOCUMENTATION_COMMENTS = YES;
				CLANG_WARN_EMPTY_BODY = YES;
				CLANG_WARN_ENUM_CONVERSION = YES;
				CLANG_WARN_INFINITE_RECURSION = YES;
				CLANG_WARN_INT_CONVERSION = YES;
				CLANG_WARN_NON_LITERAL_NULL_CONVERSION = YES;
				CLANG_WARN_OBJC_IMPLICIT_RETAIN_SELF = YES;
				CLANG_WARN_OBJC_LITERAL_CONVERSION = YES;
				CLANG_WARN_OBJC_ROOT_CLASS = YES_ERROR;
				CLANG_WARN_QUOTED_INCLUDE_IN_FRAMEWORK_HEADER = YES;
				CLANG_WARN_RANGE_LOOP_ANALYSIS = YES;
				CLANG_WARN_STRICT_PROTOTYPES = YES;
				CLANG_WARN_SUSPICIOUS_MOVE = YES;
				CLANG_WARN_UNGUARDED_AVAILABILITY = YES_AGGRESSIVE;
				CLANG_WARN_UNREACHABLE_CODE = YES;
				CLANG_WARN__DUPLICATE_METHOD_MATCH = YES;
				COPY_PHASE_STRIP = NO;
				DEBUG_INFORMATION_FORMAT = dwarf;
				ENABLE_STRICT_OBJC_MSGSEND = YES;
				ENABLE_TESTABILITY = YES;
				ENABLE_USER_SCRIPT_SANDBOXING = YES;
				GCC_C_LANGUAGE_STANDARD = gnu17;
				GCC_DYNAMIC_NO_PIC = NO;
				GCC_NO_COMMON_BLOCKS = YES;
				GCC_OPTIMIZATION_LEVEL = 0;
				GCC_PREPROCESSOR_DEFINITIONS = (
					"DEBUG=1",
					"$(inherited)",
				);
				GCC_WARN_64_TO_32_BIT_CONVERSION = YES;
				GCC_WARN_ABOUT_RETURN_TYPE = YES_ERROR;
				GCC_WARN_UNDECLARED_SELECTOR = YES;
				GCC_WARN_UNINITIALIZED_AUTOS = YES_AGGRESSIVE;
				GCC_WARN_UNUSED_FUNCTION = YES;
				GCC_WARN_UNUSED_VARIABLE = YES;
				LOCALIZATION_PREFERS_STRING_CATALOGS = YES;
				MACOSX_DEPLOYMENT_TARGET = 14.0;
				MTL_ENABLE_DEBUG_INFO = INCLUDE_SOURCE;
				MTL_FAST_MATH = YES;
				ONLY_ACTIVE_ARCH = YES;
				SDKROOT = macosx;
			};
			name = Debug;
		};
		009EC2222BBC221A004D4793 /* Release */ = {
			isa = XCBuildConfiguration;
			buildSettings = {
				ALWAYS_SEARCH_USER_PATHS = NO;
				ASSETCATALOG_COMPILER_GENERATE_SWIFT_ASSET_SYMBOL_EXTENSIONS = YES;
				CLANG_ANALYZER_NONNULL = YES;
				CLANG_ANALYZER_NUMBER_OBJECT_CONVERSION = YES_AGGRESSIVE;
				CLANG_CXX_LANGUAGE_STANDARD = "gnu++20";
				CLANG_ENABLE_MODULES = YES;
				CLANG_ENABLE_OBJC_ARC = YES;
				CLANG_ENABLE_OBJC_WEAK = YES;
				CLANG_WARN_BLOCK_CAPTURE_AUTORELEASING = YES;
				CLANG_WARN_BOOL_CONVERSION = YES;
				CLANG_WARN_COMMA = YES;
				CLANG_WARN_CONSTANT_CONVERSION = YES;
				CLANG_WARN_DEPRECATED_OBJC_IMPLEMENTATIONS = YES;
				CLANG_WARN_DIRECT_OBJC_ISA_USAGE = YES_ERROR;
				CLANG_WARN_DOCUMENTATION_COMMENTS = YES;
				CLANG_WARN_EMPTY_BODY = YES;
				CLANG_WARN_ENUM_CONVERSION = YES;
				CLANG_WARN_INFINITE_RECURSION = YES;
				CLANG_WARN_INT_CONVERSION = YES;
				CLANG_WARN_NON_LITERAL_NULL_CONVERSION = YES;
				CLANG_WARN_OBJC_IMPLICIT_RETAIN_SELF = YES;
				CLANG_WARN_OBJC_LITERAL_CONVERSION = YES;
				CLANG_WARN_OBJC_ROOT_CLASS = YES_ERROR;
				CLANG_WARN_QUOTED_INCLUDE_IN_FRAMEWORK_HEADER = YES;
				CLANG_WARN_RANGE_LOOP_ANALYSIS = YES;
				CLANG_WARN_STRICT_PROTOTYPES = YES;
				CLANG_WARN_SUSPICIOUS_MOVE = YES;
				CLANG_WARN_UNGUARDED_AVAILABILITY = YES_AGGRESSIVE;
				CLANG_WARN_UNREACHABLE_CODE = YES;
				CLANG_WARN__DUPLICATE_METHOD_MATCH = YES;
				COPY_PHASE_STRIP = NO;
				DEBUG_INFORMATION_FORMAT = "dwarf-with-dsym";
				ENABLE_NS_ASSERTIONS = NO;
				ENABLE_STRICT_OBJC_MSGSEND = YES;
				ENABLE_USER_SCRIPT_SANDBOXING = YES;
				GCC_C_LANGUAGE_STANDARD = gnu17;
				GCC_NO_COMMON_BLOCKS = YES;
				GCC_WARN_64_TO_32_BIT_CONVERSION = YES;
				GCC_WARN_ABOUT_RETURN_TYPE = YES_ERROR;
				GCC_WARN_UNDECLARED_SELECTOR = YES;
				GCC_WARN_UNINITIALIZED_AUTOS = YES_AGGRESSIVE;
				GCC_WARN_UNUSED_FUNCTION = YES;
				GCC_WARN_UNUSED_VARIABLE = YES;
				LOCALIZATION_PREFERS_STRING_CATALOGS = YES;
				MACOSX_DEPLOYMENT_TARGET = 14.0;
				MTL_ENABLE_DEBUG_INFO = NO;
				MTL_FAST_MATH = YES;
				SDKROOT = macosx;
			};
			name = Release;
		};
		009EC2242BBC221A004D4793 /* Debug */ = {
			isa = XCBuildConfiguration;
			buildSettings = {
				CODE_SIGN_STYLE = Automatic;
				PRODUCT_NAME = "$(TARGET_NAME)";
			};
			name = Debug;
		};
		009EC2252BBC221A004D4793 /* Release */ = {
			isa = XCBuildConfiguration;
			buildSettings = {
				CODE_SIGN_STYLE = Automatic;
				PRODUCT_NAME = "$(TARGET_NAME)";
			};
			name = Release;
		};
/* End XCBuildConfiguration section */

/* Begin XCConfigurationList section */
		009EC2172BBC221A004D4793 /* Build configuration list for PBXProject "Algorithm_for_cpp" */ = {
			isa = XCConfigurationList;
			buildConfigurations = (
				009EC2212BBC221A004D4793 /* Debug */,
				009EC2222BBC221A004D4793 /* Release */,
			);
			defaultConfigurationIsVisible = 0;
			defaultConfigurationName = Release;
		};
		009EC2232BBC221A004D4793 /* Build configuration list for PBXNativeTarget "Algorithm_for_cpp" */ = {
			isa = XCConfigurationList;
			buildConfigurations = (
				009EC2242BBC221A004D4793 /* Debug */,
				009EC2252BBC221A004D4793 /* Release */,
			);
			defaultConfigurationIsVisible = 0;
			defaultConfigurationName = Release;
		};
/* End XCConfigurationList section */
	};
	rootObject = 009EC2142BBC221A004D4793 /* Project object */;
}
